// !$*UTF8*$!
{
	archiveVersion = 1;
	classes = {
	};
	objectVersion = 50;
	objects = {

/* Begin PBXBuildFile section */
		01F5E10B24ACC2F1000BAA68 /* Tests_iOS.swift in Sources */ = {isa = PBXBuildFile; fileRef = 01F5E10A24ACC2F1000BAA68 /* Tests_iOS.swift */; };
		01F5E11624ACC2F1000BAA68 /* Tests_macOS.swift in Sources */ = {isa = PBXBuildFile; fileRef = 01F5E11524ACC2F1000BAA68 /* Tests_macOS.swift */; };
		01F5E11824ACC2F1000BAA68 /* Water_TrackerApp.swift in Sources */ = {isa = PBXBuildFile; fileRef = 01F5E0EF24ACC2EF000BAA68 /* Water_TrackerApp.swift */; };
		01F5E11924ACC2F1000BAA68 /* Water_TrackerApp.swift in Sources */ = {isa = PBXBuildFile; fileRef = 01F5E0EF24ACC2EF000BAA68 /* Water_TrackerApp.swift */; };
		01F5E11A24ACC2F1000BAA68 /* HomeView.swift in Sources */ = {isa = PBXBuildFile; fileRef = 01F5E0F024ACC2EF000BAA68 /* HomeView.swift */; };
		01F5E11B24ACC2F1000BAA68 /* HomeView.swift in Sources */ = {isa = PBXBuildFile; fileRef = 01F5E0F024ACC2EF000BAA68 /* HomeView.swift */; };
		01F5E11C24ACC2F1000BAA68 /* Assets.xcassets in Resources */ = {isa = PBXBuildFile; fileRef = 01F5E0F124ACC2F0000BAA68 /* Assets.xcassets */; };
		01F5E11D24ACC2F1000BAA68 /* Assets.xcassets in Resources */ = {isa = PBXBuildFile; fileRef = 01F5E0F124ACC2F0000BAA68 /* Assets.xcassets */; };
		01F5E12D24ACC30C000BAA68 /* WaterTrackerDayData.swift in Sources */ = {isa = PBXBuildFile; fileRef = 01F5E12C24ACC30C000BAA68 /* WaterTrackerDayData.swift */; };
		01F5E12E24ACC30C000BAA68 /* WaterTrackerDayData.swift in Sources */ = {isa = PBXBuildFile; fileRef = 01F5E12C24ACC30C000BAA68 /* WaterTrackerDayData.swift */; };
		01F5E13024AF63BD000BAA68 /* WaterTrackerDayDataStore.swift in Sources */ = {isa = PBXBuildFile; fileRef = 01F5E12F24AF63BD000BAA68 /* WaterTrackerDayDataStore.swift */; };
		01F5E13124AF63BD000BAA68 /* WaterTrackerDayDataStore.swift in Sources */ = {isa = PBXBuildFile; fileRef = 01F5E12F24AF63BD000BAA68 /* WaterTrackerDayDataStore.swift */; };
		01F5E13324AF6545000BAA68 /* AddGoalView.swift in Sources */ = {isa = PBXBuildFile; fileRef = 01F5E13224AF6545000BAA68 /* AddGoalView.swift */; };
		01F5E13424AF6545000BAA68 /* AddGoalView.swift in Sources */ = {isa = PBXBuildFile; fileRef = 01F5E13224AF6545000BAA68 /* AddGoalView.swift */; };
/* End PBXBuildFile section */

/* Begin PBXContainerItemProxy section */
		01F5E10724ACC2F1000BAA68 /* PBXContainerItemProxy */ = {
			isa = PBXContainerItemProxy;
			containerPortal = 01F5E0EA24ACC2EF000BAA68 /* Project object */;
			proxyType = 1;
			remoteGlobalIDString = 01F5E0F524ACC2F0000BAA68;
			remoteInfo = iOS;
		};
		01F5E11224ACC2F1000BAA68 /* PBXContainerItemProxy */ = {
			isa = PBXContainerItemProxy;
			containerPortal = 01F5E0EA24ACC2EF000BAA68 /* Project object */;
			proxyType = 1;
			remoteGlobalIDString = 01F5E0FD24ACC2F1000BAA68;
			remoteInfo = macOS;
		};
/* End PBXContainerItemProxy section */

/* Begin PBXFileReference section */
		01F5E0EF24ACC2EF000BAA68 /* Water_TrackerApp.swift */ = {isa = PBXFileReference; lastKnownFileType = sourcecode.swift; path = Water_TrackerApp.swift; sourceTree = "<group>"; };
		01F5E0F024ACC2EF000BAA68 /* HomeView.swift */ = {isa = PBXFileReference; lastKnownFileType = sourcecode.swift; path = HomeView.swift; sourceTree = "<group>"; };
		01F5E0F124ACC2F0000BAA68 /* Assets.xcassets */ = {isa = PBXFileReference; lastKnownFileType = folder.assetcatalog; path = Assets.xcassets; sourceTree = "<group>"; };
		01F5E0F624ACC2F0000BAA68 /* Water Tracker.app */ = {isa = PBXFileReference; explicitFileType = wrapper.application; includeInIndex = 0; path = "Water Tracker.app"; sourceTree = BUILT_PRODUCTS_DIR; };
		01F5E0F924ACC2F1000BAA68 /* Info.plist */ = {isa = PBXFileReference; lastKnownFileType = text.plist.xml; path = Info.plist; sourceTree = "<group>"; };
		01F5E0FE24ACC2F1000BAA68 /* Water Tracker.app */ = {isa = PBXFileReference; explicitFileType = wrapper.application; includeInIndex = 0; path = "Water Tracker.app"; sourceTree = BUILT_PRODUCTS_DIR; };
		01F5E10024ACC2F1000BAA68 /* Info.plist */ = {isa = PBXFileReference; lastKnownFileType = text.plist.xml; path = Info.plist; sourceTree = "<group>"; };
		01F5E10124ACC2F1000BAA68 /* macOS.entitlements */ = {isa = PBXFileReference; lastKnownFileType = text.plist.entitlements; path = macOS.entitlements; sourceTree = "<group>"; };
		01F5E10624ACC2F1000BAA68 /* Tests iOS.xctest */ = {isa = PBXFileReference; explicitFileType = wrapper.cfbundle; includeInIndex = 0; path = "Tests iOS.xctest"; sourceTree = BUILT_PRODUCTS_DIR; };
		01F5E10A24ACC2F1000BAA68 /* Tests_iOS.swift */ = {isa = PBXFileReference; lastKnownFileType = sourcecode.swift; path = Tests_iOS.swift; sourceTree = "<group>"; };
		01F5E10C24ACC2F1000BAA68 /* Info.plist */ = {isa = PBXFileReference; lastKnownFileType = text.plist.xml; path = Info.plist; sourceTree = "<group>"; };
		01F5E11124ACC2F1000BAA68 /* Tests macOS.xctest */ = {isa = PBXFileReference; explicitFileType = wrapper.cfbundle; includeInIndex = 0; path = "Tests macOS.xctest"; sourceTree = BUILT_PRODUCTS_DIR; };
		01F5E11524ACC2F1000BAA68 /* Tests_macOS.swift */ = {isa = PBXFileReference; lastKnownFileType = sourcecode.swift; path = Tests_macOS.swift; sourceTree = "<group>"; };
		01F5E11724ACC2F1000BAA68 /* Info.plist */ = {isa = PBXFileReference; lastKnownFileType = text.plist.xml; path = Info.plist; sourceTree = "<group>"; };
		01F5E12C24ACC30C000BAA68 /* WaterTrackerDayData.swift */ = {isa = PBXFileReference; lastKnownFileType = sourcecode.swift; path = WaterTrackerDayData.swift; sourceTree = "<group>"; };
		01F5E12F24AF63BD000BAA68 /* WaterTrackerDayDataStore.swift */ = {isa = PBXFileReference; lastKnownFileType = sourcecode.swift; path = WaterTrackerDayDataStore.swift; sourceTree = "<group>"; };
		01F5E13224AF6545000BAA68 /* AddGoalView.swift */ = {isa = PBXFileReference; lastKnownFileType = sourcecode.swift; path = AddGoalView.swift; sourceTree = "<group>"; };
/* End PBXFileReference section */

/* Begin PBXFrameworksBuildPhase section */
		01F5E0F324ACC2F0000BAA68 /* Frameworks */ = {
			isa = PBXFrameworksBuildPhase;
			buildActionMask = 2147483647;
			files = (
			);
			runOnlyForDeploymentPostprocessing = 0;
		};
		01F5E0FB24ACC2F1000BAA68 /* Frameworks */ = {
			isa = PBXFrameworksBuildPhase;
			buildActionMask = 2147483647;
			files = (
			);
			runOnlyForDeploymentPostprocessing = 0;
		};
		01F5E10324ACC2F1000BAA68 /* Frameworks */ = {
			isa = PBXFrameworksBuildPhase;
			buildActionMask = 2147483647;
			files = (
			);
			runOnlyForDeploymentPostprocessing = 0;
		};
		01F5E10E24ACC2F1000BAA68 /* Frameworks */ = {
			isa = PBXFrameworksBuildPhase;
			buildActionMask = 2147483647;
			files = (
			);
			runOnlyForDeploymentPostprocessing = 0;
		};
/* End PBXFrameworksBuildPhase section */

/* Begin PBXGroup section */
		01F5E0E924ACC2EF000BAA68 = {
			isa = PBXGroup;
			children = (
				01F5E0EE24ACC2EF000BAA68 /* Shared */,
				01F5E0F824ACC2F1000BAA68 /* iOS */,
				01F5E0FF24ACC2F1000BAA68 /* macOS */,
				01F5E10924ACC2F1000BAA68 /* Tests iOS */,
				01F5E11424ACC2F1000BAA68 /* Tests macOS */,
				01F5E0F724ACC2F0000BAA68 /* Products */,
			);
			sourceTree = "<group>";
		};
		01F5E0EE24ACC2EF000BAA68 /* Shared */ = {
			isa = PBXGroup;
			children = (
				01F5E0EF24ACC2EF000BAA68 /* Water_TrackerApp.swift */,
				01F5E0F024ACC2EF000BAA68 /* HomeView.swift */,
				01F5E13224AF6545000BAA68 /* AddGoalView.swift */,
				01F5E12C24ACC30C000BAA68 /* WaterTrackerDayData.swift */,
				01F5E12F24AF63BD000BAA68 /* WaterTrackerDayDataStore.swift */,
				01F5E0F124ACC2F0000BAA68 /* Assets.xcassets */,
			);
			path = Shared;
			sourceTree = "<group>";
		};
		01F5E0F724ACC2F0000BAA68 /* Products */ = {
			isa = PBXGroup;
			children = (
				01F5E0F624ACC2F0000BAA68 /* Water Tracker.app */,
				01F5E0FE24ACC2F1000BAA68 /* Water Tracker.app */,
				01F5E10624ACC2F1000BAA68 /* Tests iOS.xctest */,
				01F5E11124ACC2F1000BAA68 /* Tests macOS.xctest */,
			);
			name = Products;
			sourceTree = "<group>";
		};
		01F5E0F824ACC2F1000BAA68 /* iOS */ = {
			isa = PBXGroup;
			children = (
				01F5E0F924ACC2F1000BAA68 /* Info.plist */,
			);
			path = iOS;
			sourceTree = "<group>";
		};
		01F5E0FF24ACC2F1000BAA68 /* macOS */ = {
			isa = PBXGroup;
			children = (
				01F5E10024ACC2F1000BAA68 /* Info.plist */,
				01F5E10124ACC2F1000BAA68 /* macOS.entitlements */,
			);
			path = macOS;
			sourceTree = "<group>";
		};
		01F5E10924ACC2F1000BAA68 /* Tests iOS */ = {
			isa = PBXGroup;
			children = (
				01F5E10A24ACC2F1000BAA68 /* Tests_iOS.swift */,
				01F5E10C24ACC2F1000BAA68 /* Info.plist */,
			);
			path = "Tests iOS";
			sourceTree = "<group>";
		};
		01F5E11424ACC2F1000BAA68 /* Tests macOS */ = {
			isa = PBXGroup;
			children = (
				01F5E11524ACC2F1000BAA68 /* Tests_macOS.swift */,
				01F5E11724ACC2F1000BAA68 /* Info.plist */,
			);
			path = "Tests macOS";
			sourceTree = "<group>";
		};
/* End PBXGroup section */

/* Begin PBXNativeTarget section */
		01F5E0F524ACC2F0000BAA68 /* iOS */ = {
			isa = PBXNativeTarget;
			buildConfigurationList = 01F5E12024ACC2F1000BAA68 /* Build configuration list for PBXNativeTarget "iOS" */;
			buildPhases = (
				01F5E0F224ACC2F0000BAA68 /* Sources */,
				01F5E0F324ACC2F0000BAA68 /* Frameworks */,
				01F5E0F424ACC2F0000BAA68 /* Resources */,
			);
			buildRules = (
			);
			dependencies = (
			);
			name = iOS;
			productName = iOS;
			productReference = 01F5E0F624ACC2F0000BAA68 /* Water Tracker.app */;
			productType = "com.apple.product-type.application";
		};
		01F5E0FD24ACC2F1000BAA68 /* macOS */ = {
			isa = PBXNativeTarget;
			buildConfigurationList = 01F5E12324ACC2F1000BAA68 /* Build configuration list for PBXNativeTarget "macOS" */;
			buildPhases = (
				01F5E0FA24ACC2F1000BAA68 /* Sources */,
				01F5E0FB24ACC2F1000BAA68 /* Frameworks */,
				01F5E0FC24ACC2F1000BAA68 /* Resources */,
			);
			buildRules = (
			);
			dependencies = (
			);
			name = macOS;
			productName = macOS;
			productReference = 01F5E0FE24ACC2F1000BAA68 /* Water Tracker.app */;
			productType = "com.apple.product-type.application";
		};
		01F5E10524ACC2F1000BAA68 /* Tests iOS */ = {
			isa = PBXNativeTarget;
			buildConfigurationList = 01F5E12624ACC2F1000BAA68 /* Build configuration list for PBXNativeTarget "Tests iOS" */;
			buildPhases = (
				01F5E10224ACC2F1000BAA68 /* Sources */,
				01F5E10324ACC2F1000BAA68 /* Frameworks */,
				01F5E10424ACC2F1000BAA68 /* Resources */,
			);
			buildRules = (
			);
			dependencies = (
				01F5E10824ACC2F1000BAA68 /* PBXTargetDependency */,
			);
			name = "Tests iOS";
			productName = "Tests iOS";
			productReference = 01F5E10624ACC2F1000BAA68 /* Tests iOS.xctest */;
			productType = "com.apple.product-type.bundle.ui-testing";
		};
		01F5E11024ACC2F1000BAA68 /* Tests macOS */ = {
			isa = PBXNativeTarget;
			buildConfigurationList = 01F5E12924ACC2F1000BAA68 /* Build configuration list for PBXNativeTarget "Tests macOS" */;
			buildPhases = (
				01F5E10D24ACC2F1000BAA68 /* Sources */,
				01F5E10E24ACC2F1000BAA68 /* Frameworks */,
				01F5E10F24ACC2F1000BAA68 /* Resources */,
			);
			buildRules = (
			);
			dependencies = (
				01F5E11324ACC2F1000BAA68 /* PBXTargetDependency */,
			);
			name = "Tests macOS";
			productName = "Tests macOS";
			productReference = 01F5E11124ACC2F1000BAA68 /* Tests macOS.xctest */;
			productType = "com.apple.product-type.bundle.ui-testing";
		};
/* End PBXNativeTarget section */

/* Begin PBXProject section */
		01F5E0EA24ACC2EF000BAA68 /* Project object */ = {
			isa = PBXProject;
			attributes = {
				LastSwiftUpdateCheck = 1200;
				LastUpgradeCheck = 1200;
				TargetAttributes = {
					01F5E0F524ACC2F0000BAA68 = {
						CreatedOnToolsVersion = 12.0;
					};
					01F5E0FD24ACC2F1000BAA68 = {
						CreatedOnToolsVersion = 12.0;
					};
					01F5E10524ACC2F1000BAA68 = {
						CreatedOnToolsVersion = 12.0;
						TestTargetID = 01F5E0F524ACC2F0000BAA68;
					};
					01F5E11024ACC2F1000BAA68 = {
						CreatedOnToolsVersion = 12.0;
						TestTargetID = 01F5E0FD24ACC2F1000BAA68;
					};
				};
			};
			buildConfigurationList = 01F5E0ED24ACC2EF000BAA68 /* Build configuration list for PBXProject "Water Tracker" */;
			compatibilityVersion = "Xcode 9.3";
			developmentRegion = en;
			hasScannedForEncodings = 0;
			knownRegions = (
				en,
				Base,
			);
			mainGroup = 01F5E0E924ACC2EF000BAA68;
			productRefGroup = 01F5E0F724ACC2F0000BAA68 /* Products */;
			projectDirPath = "";
			projectRoot = "";
			targets = (
				01F5E0F524ACC2F0000BAA68 /* iOS */,
				01F5E0FD24ACC2F1000BAA68 /* macOS */,
				01F5E10524ACC2F1000BAA68 /* Tests iOS */,
				01F5E11024ACC2F1000BAA68 /* Tests macOS */,
			);
		};
/* End PBXProject section */

/* Begin PBXResourcesBuildPhase section */
		01F5E0F424ACC2F0000BAA68 /* Resources */ = {
			isa = PBXResourcesBuildPhase;
			buildActionMask = 2147483647;
			files = (
				01F5E11C24ACC2F1000BAA68 /* Assets.xcassets in Resources */,
			);
			runOnlyForDeploymentPostprocessing = 0;
		};
		01F5E0FC24ACC2F1000BAA68 /* Resources */ = {
			isa = PBXResourcesBuildPhase;
			buildActionMask = 2147483647;
			files = (
				01F5E11D24ACC2F1000BAA68 /* Assets.xcassets in Resources */,
			);
			runOnlyForDeploymentPostprocessing = 0;
		};
		01F5E10424ACC2F1000BAA68 /* Resources */ = {
			isa = PBXResourcesBuildPhase;
			buildActionMask = 2147483647;
			files = (
			);
			runOnlyForDeploymentPostprocessing = 0;
		};
		01F5E10F24ACC2F1000BAA68 /* Resources */ = {
			isa = PBXResourcesBuildPhase;
			buildActionMask = 2147483647;
			files = (
			);
			runOnlyForDeploymentPostprocessing = 0;
		};
/* End PBXResourcesBuildPhase section */

/* Begin PBXSourcesBuildPhase section */
		01F5E0F224ACC2F0000BAA68 /* Sources */ = {
			isa = PBXSourcesBuildPhase;
			buildActionMask = 2147483647;
			files = (
				01F5E11A24ACC2F1000BAA68 /* HomeView.swift in Sources */,
				01F5E13024AF63BD000BAA68 /* WaterTrackerDayDataStore.swift in Sources */,
				01F5E11824ACC2F1000BAA68 /* Water_TrackerApp.swift in Sources */,
				01F5E13324AF6545000BAA68 /* AddGoalView.swift in Sources */,
				01F5E12D24ACC30C000BAA68 /* WaterTrackerDayData.swift in Sources */,
			);
			runOnlyForDeploymentPostprocessing = 0;
		};
		01F5E0FA24ACC2F1000BAA68 /* Sources */ = {
			isa = PBXSourcesBuildPhase;
			buildActionMask = 2147483647;
			files = (
				01F5E11B24ACC2F1000BAA68 /* HomeView.swift in Sources */,
				01F5E13124AF63BD000BAA68 /* WaterTrackerDayDataStore.swift in Sources */,
				01F5E11924ACC2F1000BAA68 /* Water_TrackerApp.swift in Sources */,
				01F5E13424AF6545000BAA68 /* AddGoalView.swift in Sources */,
				01F5E12E24ACC30C000BAA68 /* WaterTrackerDayData.swift in Sources */,
			);
			runOnlyForDeploymentPostprocessing = 0;
		};
		01F5E10224ACC2F1000BAA68 /* Sources */ = {
			isa = PBXSourcesBuildPhase;
			buildActionMask = 2147483647;
			files = (
				01F5E10B24ACC2F1000BAA68 /* Tests_iOS.swift in Sources */,
			);
			runOnlyForDeploymentPostprocessing = 0;
		};
		01F5E10D24ACC2F1000BAA68 /* Sources */ = {
			isa = PBXSourcesBuildPhase;
			buildActionMask = 2147483647;
			files = (
				01F5E11624ACC2F1000BAA68 /* Tests_macOS.swift in Sources */,
			);
			runOnlyForDeploymentPostprocessing = 0;
		};
/* End PBXSourcesBuildPhase section */

/* Begin PBXTargetDependency section */
		01F5E10824ACC2F1000BAA68 /* PBXTargetDependency */ = {
			isa = PBXTargetDependency;
			target = 01F5E0F524ACC2F0000BAA68 /* iOS */;
			targetProxy = 01F5E10724ACC2F1000BAA68 /* PBXContainerItemProxy */;
		};
		01F5E11324ACC2F1000BAA68 /* PBXTargetDependency */ = {
			isa = PBXTargetDependency;
			target = 01F5E0FD24ACC2F1000BAA68 /* macOS */;
			targetProxy = 01F5E11224ACC2F1000BAA68 /* PBXContainerItemProxy */;
		};
/* End PBXTargetDependency section */

/* Begin XCBuildConfiguration section */
		01F5E11E24ACC2F1000BAA68 /* Debug */ = {
			isa = XCBuildConfiguration;
			buildSettings = {
				ALWAYS_SEARCH_USER_PATHS = NO;
				CLANG_ANALYZER_NONNULL = YES;
				CLANG_ANALYZER_NUMBER_OBJECT_CONVERSION = YES_AGGRESSIVE;
				CLANG_CXX_LANGUAGE_STANDARD = "gnu++14";
				CLANG_CXX_LIBRARY = "libc++";
				CLANG_ENABLE_MODULES = YES;
				CLANG_ENABLE_OBJC_ARC = YES;
				CLANG_ENABLE_OBJC_WEAK = YES;
				CLANG_WARN_BLOCK_CAPTURE_AUTORELEASING = YES;
				CLANG_WARN_BOOL_CONVERSION = YES;
				CLANG_WARN_COMMA = YES;
				CLANG_WARN_CONSTANT_CONVERSION = YES;
				CLANG_WARN_DEPRECATED_OBJC_IMPLEMENTATIONS = YES;
				CLANG_WARN_DIRECT_OBJC_ISA_USAGE = YES_ERROR;
				CLANG_WARN_DOCUMENTATION_COMMENTS = YES;
				CLANG_WARN_EMPTY_BODY = YES;
				CLANG_WARN_ENUM_CONVERSION = YES;
				CLANG_WARN_INFINITE_RECURSION = YES;
				CLANG_WARN_INT_CONVERSION = YES;
				CLANG_WARN_NON_LITERAL_NULL_CONVERSION = YES;
				CLANG_WARN_OBJC_IMPLICIT_RETAIN_SELF = YES;
				CLANG_WARN_OBJC_LITERAL_CONVERSION = YES;
				CLANG_WARN_OBJC_ROOT_CLASS = YES_ERROR;
				CLANG_WARN_QUOTED_INCLUDE_IN_FRAMEWORK_HEADER = YES;
				CLANG_WARN_RANGE_LOOP_ANALYSIS = YES;
				CLANG_WARN_STRICT_PROTOTYPES = YES;
				CLANG_WARN_SUSPICIOUS_MOVE = YES;
				CLANG_WARN_UNGUARDED_AVAILABILITY = YES_AGGRESSIVE;
				CLANG_WARN_UNREACHABLE_CODE = YES;
				CLANG_WARN__DUPLICATE_METHOD_MATCH = YES;
				COPY_PHASE_STRIP = NO;
				DEBUG_INFORMATION_FORMAT = dwarf;
				ENABLE_STRICT_OBJC_MSGSEND = YES;
				ENABLE_TESTABILITY = YES;
				GCC_C_LANGUAGE_STANDARD = gnu11;
				GCC_DYNAMIC_NO_PIC = NO;
				GCC_NO_COMMON_BLOCKS = YES;
				GCC_OPTIMIZATION_LEVEL = 0;
				GCC_PREPROCESSOR_DEFINITIONS = (
					"DEBUG=1",
					"$(inherited)",
				);
				GCC_WARN_64_TO_32_BIT_CONVERSION = YES;
				GCC_WARN_ABOUT_RETURN_TYPE = YES_ERROR;
				GCC_WARN_UNDECLARED_SELECTOR = YES;
				GCC_WARN_UNINITIALIZED_AUTOS = YES_AGGRESSIVE;
				GCC_WARN_UNUSED_FUNCTION = YES;
				GCC_WARN_UNUSED_VARIABLE = YES;
				MTL_ENABLE_DEBUG_INFO = INCLUDE_SOURCE;
				MTL_FAST_MATH = YES;
				ONLY_ACTIVE_ARCH = YES;
				SWIFT_ACTIVE_COMPILATION_CONDITIONS = DEBUG;
				SWIFT_OPTIMIZATION_LEVEL = "-Onone";
			};
			name = Debug;
		};
		01F5E11F24ACC2F1000BAA68 /* Release */ = {
			isa = XCBuildConfiguration;
			buildSettings = {
				ALWAYS_SEARCH_USER_PATHS = NO;
				CLANG_ANALYZER_NONNULL = YES;
				CLANG_ANALYZER_NUMBER_OBJECT_CONVERSION = YES_AGGRESSIVE;
				CLANG_CXX_LANGUAGE_STANDARD = "gnu++14";
				CLANG_CXX_LIBRARY = "libc++";
				CLANG_ENABLE_MODULES = YES;
				CLANG_ENABLE_OBJC_ARC = YES;
				CLANG_ENABLE_OBJC_WEAK = YES;
				CLANG_WARN_BLOCK_CAPTURE_AUTORELEASING = YES;
				CLANG_WARN_BOOL_CONVERSION = YES;
				CLANG_WARN_COMMA = YES;
				CLANG_WARN_CONSTANT_CONVERSION = YES;
				CLANG_WARN_DEPRECATED_OBJC_IMPLEMENTATIONS = YES;
				CLANG_WARN_DIRECT_OBJC_ISA_USAGE = YES_ERROR;
				CLANG_WARN_DOCUMENTATION_COMMENTS = YES;
				CLANG_WARN_EMPTY_BODY = YES;
				CLANG_WARN_ENUM_CONVERSION = YES;
				CLANG_WARN_INFINITE_RECURSION = YES;
				CLANG_WARN_INT_CONVERSION = YES;
				CLANG_WARN_NON_LITERAL_NULL_CONVERSION = YES;
				CLANG_WARN_OBJC_IMPLICIT_RETAIN_SELF = YES;
				CLANG_WARN_OBJC_LITERAL_CONVERSION = YES;
				CLANG_WARN_OBJC_ROOT_CLASS = YES_ERROR;
				CLANG_WARN_QUOTED_INCLUDE_IN_FRAMEWORK_HEADER = YES;
				CLANG_WARN_RANGE_LOOP_ANALYSIS = YES;
				CLANG_WARN_STRICT_PROTOTYPES = YES;
				CLANG_WARN_SUSPICIOUS_MOVE = YES;
				CLANG_WARN_UNGUARDED_AVAILABILITY = YES_AGGRESSIVE;
				CLANG_WARN_UNREACHABLE_CODE = YES;
				CLANG_WARN__DUPLICATE_METHOD_MATCH = YES;
				COPY_PHASE_STRIP = NO;
				DEBUG_INFORMATION_FORMAT = "dwarf-with-dsym";
				ENABLE_NS_ASSERTIONS = NO;
				ENABLE_STRICT_OBJC_MSGSEND = YES;
				GCC_C_LANGUAGE_STANDARD = gnu11;
				GCC_NO_COMMON_BLOCKS = YES;
				GCC_WARN_64_TO_32_BIT_CONVERSION = YES;
				GCC_WARN_ABOUT_RETURN_TYPE = YES_ERROR;
				GCC_WARN_UNDECLARED_SELECTOR = YES;
				GCC_WARN_UNINITIALIZED_AUTOS = YES_AGGRESSIVE;
				GCC_WARN_UNUSED_FUNCTION = YES;
				GCC_WARN_UNUSED_VARIABLE = YES;
				MTL_ENABLE_DEBUG_INFO = NO;
				MTL_FAST_MATH = YES;
				SWIFT_COMPILATION_MODE = wholemodule;
				SWIFT_OPTIMIZATION_LEVEL = "-O";
			};
			name = Release;
		};
		01F5E12124ACC2F1000BAA68 /* Debug */ = {
			isa = XCBuildConfiguration;
			buildSettings = {
				ASSETCATALOG_COMPILER_APPICON_NAME = AppIcon;
				ASSETCATALOG_COMPILER_GLOBAL_ACCENT_COLOR_NAME = AccentColor;
				CODE_SIGN_STYLE = Automatic;
				DEVELOPMENT_TEAM = 9VS7Z57592;
				ENABLE_PREVIEWS = YES;
				INFOPLIST_FILE = iOS/Info.plist;
				IPHONEOS_DEPLOYMENT_TARGET = 14.0;
				LD_RUNPATH_SEARCH_PATHS = (
					"$(inherited)",
					"@executable_path/Frameworks",
				);
				PRODUCT_BUNDLE_IDENTIFIER = "LAVA.Water-Tracker";
				PRODUCT_NAME = "Water Tracker";
				SDKROOT = iphoneos;
				SWIFT_VERSION = 5.0;
				TARGETED_DEVICE_FAMILY = "1,2";
			};
			name = Debug;
		};
		01F5E12224ACC2F1000BAA68 /* Release */ = {
			isa = XCBuildConfiguration;
			buildSettings = {
				ASSETCATALOG_COMPILER_APPICON_NAME = AppIcon;
				ASSETCATALOG_COMPILER_GLOBAL_ACCENT_COLOR_NAME = AccentColor;
				CODE_SIGN_STYLE = Automatic;
				DEVELOPMENT_TEAM = 9VS7Z57592;
				ENABLE_PREVIEWS = YES;
				INFOPLIST_FILE = iOS/Info.plist;
				IPHONEOS_DEPLOYMENT_TARGET = 14.0;
				LD_RUNPATH_SEARCH_PATHS = (
					"$(inherited)",
					"@executable_path/Frameworks",
				);
				PRODUCT_BUNDLE_IDENTIFIER = "LAVA.Water-Tracker";
				PRODUCT_NAME = "Water Tracker";
				SDKROOT = iphoneos;
				SWIFT_VERSION = 5.0;
				TARGETED_DEVICE_FAMILY = "1,2";
				VALIDATE_PRODUCT = YES;
			};
			name = Release;
		};
		01F5E12424ACC2F1000BAA68 /* Debug */ = {
			isa = XCBuildConfiguration;
			buildSettings = {
				ASSETCATALOG_COMPILER_APPICON_NAME = AppIcon;
				ASSETCATALOG_COMPILER_GLOBAL_ACCENT_COLOR_NAME = AccentColor;
				CODE_SIGN_ENTITLEMENTS = macOS/macOS.entitlements;
				CODE_SIGN_STYLE = Automatic;
				COMBINE_HIDPI_IMAGES = YES;
				DEVELOPMENT_TEAM = 9VS7Z57592;
				ENABLE_HARDENED_RUNTIME = YES;
				ENABLE_PREVIEWS = YES;
				INFOPLIST_FILE = macOS/Info.plist;
				LD_RUNPATH_SEARCH_PATHS = (
					"$(inherited)",
					"@executable_path/../Frameworks",
				);
				MACOSX_DEPLOYMENT_TARGET = 10.16;
				PRODUCT_BUNDLE_IDENTIFIER = "LAVA.Water-Tracker";
				PRODUCT_NAME = "Water Tracker";
				SDKROOT = macosx;
				SWIFT_VERSION = 5.0;
			};
			name = Debug;
		};
		01F5E12524ACC2F1000BAA68 /* Release */ = {
			isa = XCBuildConfiguration;
			buildSettings = {
				ASSETCATALOG_COMPILER_APPICON_NAME = AppIcon;
				ASSETCATALOG_COMPILER_GLOBAL_ACCENT_COLOR_NAME = AccentColor;
				CODE_SIGN_ENTITLEMENTS = macOS/macOS.entitlements;
				CODE_SIGN_STYLE = Automatic;
				COMBINE_HIDPI_IMAGES = YES;
				DEVELOPMENT_TEAM = 9VS7Z57592;
				ENABLE_HARDENED_RUNTIME = YES;
				ENABLE_PREVIEWS = YES;
				INFOPLIST_FILE = macOS/Info.plist;
				LD_RUNPATH_SEARCH_PATHS = (
					"$(inherited)",
					"@executable_path/../Frameworks",
				);
				MACOSX_DEPLOYMENT_TARGET = 10.16;
				PRODUCT_BUNDLE_IDENTIFIER = "LAVA.Water-Tracker";
				PRODUCT_NAME = "Water Tracker";
				SDKROOT = macosx;
				SWIFT_VERSION = 5.0;
			};
			name = Release;
		};
		01F5E12724ACC2F1000BAA68 /* Debug */ = {
			isa = XCBuildConfiguration;
			buildSettings = {
				ALWAYS_EMBED_SWIFT_STANDARD_LIBRARIES = YES;
				CODE_SIGN_STYLE = Automatic;
				DEVELOPMENT_TEAM = 9VS7Z57592;
				INFOPLIST_FILE = "Tests iOS/Info.plist";
				IPHONEOS_DEPLOYMENT_TARGET = 14.0;
				LD_RUNPATH_SEARCH_PATHS = (
					"$(inherited)",
					"@executable_path/Frameworks",
					"@loader_path/Frameworks",
				);
				PRODUCT_BUNDLE_IDENTIFIER = "LAVA.Tests-iOS";
				PRODUCT_NAME = "$(TARGET_NAME)";
				SDKROOT = iphoneos;
				SWIFT_VERSION = 5.0;
				TARGETED_DEVICE_FAMILY = "1,2";
				TEST_TARGET_NAME = iOS;
			};
			name = Debug;
		};
		01F5E12824ACC2F1000BAA68 /* Release */ = {
			isa = XCBuildConfiguration;
			buildSettings = {
				ALWAYS_EMBED_SWIFT_STANDARD_LIBRARIES = YES;
				CODE_SIGN_STYLE = Automatic;
				DEVELOPMENT_TEAM = 9VS7Z57592;
				INFOPLIST_FILE = "Tests iOS/Info.plist";
				IPHONEOS_DEPLOYMENT_TARGET = 14.0;
				LD_RUNPATH_SEARCH_PATHS = (
					"$(inherited)",
					"@executable_path/Frameworks",
					"@loader_path/Frameworks",
				);
				PRODUCT_BUNDLE_IDENTIFIER = "LAVA.Tests-iOS";
				PRODUCT_NAME = "$(TARGET_NAME)";
				SDKROOT = iphoneos;
				SWIFT_VERSION = 5.0;
				TARGETED_DEVICE_FAMILY = "1,2";
				TEST_TARGET_NAME = iOS;
				VALIDATE_PRODUCT = YES;
			};
			name = Release;
		};
		01F5E12A24ACC2F1000BAA68 /* Debug */ = {
			isa = XCBuildConfiguration;
			buildSettings = {
				ALWAYS_EMBED_SWIFT_STANDARD_LIBRARIES = YES;
				CODE_SIGN_STYLE = Automatic;
				COMBINE_HIDPI_IMAGES = YES;
				DEVELOPMENT_TEAM = 9VS7Z57592;
				INFOPLIST_FILE = "Tests macOS/Info.plist";
				LD_RUNPATH_SEARCH_PATHS = (
					"$(inherited)",
					"@executable_path/../Frameworks",
					"@loader_path/../Frameworks",
				);
				MACOSX_DEPLOYMENT_TARGET = 10.16;
				PRODUCT_BUNDLE_IDENTIFIER = "LAVA.Tests-macOS";
				PRODUCT_NAME = "$(TARGET_NAME)";
				SDKROOT = macosx;
				SWIFT_VERSION = 5.0;
				TEST_TARGET_NAME = macOS;
			};
			name = Debug;
		};
		01F5E12B24ACC2F1000BAA68 /* Release */ = {
			isa = XCBuildConfiguration;
			buildSettings = {
				ALWAYS_EMBED_SWIFT_STANDARD_LIBRARIES = YES;
				CODE_SIGN_STYLE = Automatic;
				COMBINE_HIDPI_IMAGES = YES;
				DEVELOPMENT_TEAM = 9VS7Z57592;
				INFOPLIST_FILE = "Tests macOS/Info.plist";
				LD_RUNPATH_SEARCH_PATHS = (
					"$(inherited)",
					"@executable_path/../Frameworks",
					"@loader_path/../Frameworks",
				);
				MACOSX_DEPLOYMENT_TARGET = 10.16;
				PRODUCT_BUNDLE_IDENTIFIER = "LAVA.Tests-macOS";
				PRODUCT_NAME = "$(TARGET_NAME)";
				SDKROOT = macosx;
				SWIFT_VERSION = 5.0;
				TEST_TARGET_NAME = macOS;
			};
			name = Release;
		};
/* End XCBuildConfiguration section */

/* Begin XCConfigurationList section */
		01F5E0ED24ACC2EF000BAA68 /* Build configuration list for PBXProject "Water Tracker" */ = {
			isa = XCConfigurationList;
			buildConfigurations = (
				01F5E11E24ACC2F1000BAA68 /* Debug */,
				01F5E11F24ACC2F1000BAA68 /* Release */,
			);
			defaultConfigurationIsVisible = 0;
			defaultConfigurationName = Release;
		};
		01F5E12024ACC2F1000BAA68 /* Build configuration list for PBXNativeTarget "iOS" */ = {
			isa = XCConfigurationList;
			buildConfigurations = (
				01F5E12124ACC2F1000BAA68 /* Debug */,
				01F5E12224ACC2F1000BAA68 /* Release */,
			);
			defaultConfigurationIsVisible = 0;
			defaultConfigurationName = Release;
		};
		01F5E12324ACC2F1000BAA68 /* Build configuration list for PBXNativeTarget "macOS" */ = {
			isa = XCConfigurationList;
			buildConfigurations = (
				01F5E12424ACC2F1000BAA68 /* Debug */,
				01F5E12524ACC2F1000BAA68 /* Release */,
			);
			defaultConfigurationIsVisible = 0;
			defaultConfigurationName = Release;
		};
		01F5E12624ACC2F1000BAA68 /* Build configuration list for PBXNativeTarget "Tests iOS" */ = {
			isa = XCConfigurationList;
			buildConfigurations = (
				01F5E12724ACC2F1000BAA68 /* Debug */,
				01F5E12824ACC2F1000BAA68 /* Release */,
			);
			defaultConfigurationIsVisible = 0;
			defaultConfigurationName = Release;
		};
		01F5E12924ACC2F1000BAA68 /* Build configuration list for PBXNativeTarget "Tests macOS" */ = {
			isa = XCConfigurationList;
			buildConfigurations = (
				01F5E12A24ACC2F1000BAA68 /* Debug */,
				01F5E12B24ACC2F1000BAA68 /* Release */,
			);
			defaultConfigurationIsVisible = 0;
			defaultConfigurationName = Release;
		};
/* End XCConfigurationList section */
	};
	rootObject = 01F5E0EA24ACC2EF000BAA68 /* Project object */;
}
